# This file is automatically @generated by Cargo.
# It is not intended for manual editing.
version = 3

[[package]]
name = "lazyfetch-auth"
version = "0.1.0"

[[package]]
name = "lazyfetch-bin"
version = "0.1.0"

[[package]]
name = "lazyfetch-core"
version = "0.1.0"

[[package]]
name = "lazyfetch-http"
version = "0.1.0"

[[package]]
name = "lazyfetch-import"
version = "0.1.0"

[[package]]
name = "lazyfetch-storage"
version = "0.1.0"

[[package]]
name = "lazyfetch-tui"
version = "0.1.0"
